
Microsoft Visual Studio Solution File, Format Version 12.00
# Visual Studio Version 17
VisualStudioVersion = 17.8.34330.188
MinimumVisualStudioVersion = 10.0.40219.1
Project("{FAE04EC0-301F-11D3-BF4B-00C04F79EFBC}") = "secret-friend-api", "secret-friend-api\secret-friend-api.csproj", "{9374D101-5740-47DC-8934-EDCE659EF91C}"
EndProject
Global
	GlobalSection(SolutionConfigurationPlatforms) = preSolution
		Debug|Any CPU = Debug|Any CPU
		Release|Any CPU = Release|Any CPU
	EndGlobalSection
	GlobalSection(ProjectConfigurationPlatforms) = postSolution
		{9374D101-5740-47DC-8934-EDCE659EF91C}.Debug|Any CPU.ActiveCfg = Debug|Any CPU
		{9374D101-5740-47DC-8934-EDCE659EF91C}.Debug|Any CPU.Build.0 = Debug|Any CPU
		{9374D101-5740-47DC-8934-EDCE659EF91C}.Release|Any CPU.ActiveCfg = Release|Any CPU
		{9374D101-5740-47DC-8934-EDCE659EF91C}.Release|Any CPU.Build.0 = Release|Any CPU
	EndGlobalSection
	GlobalSection(SolutionProperties) = preSolution
		HideSolutionNode = FALSE
	EndGlobalSection
	GlobalSection(ExtensibilityGlobals) = postSolution
		SolutionGuid = {A125FCA4-F455-446D-90C0-87A4F06EF635}
	EndGlobalSection
EndGlobal
