
Microsoft Visual Studio Solution File, Format Version 12.00
# Visual Studio Version 17
VisualStudioVersion = 17.8.34330.188
MinimumVisualStudioVersion = 10.0.40219.1
Project("{9A19103F-16F7-4668-BE54-9A1E7A4F7556}") = "secret-friend-api", "secret-friend-api\secret-friend-api.csproj", "{9374D101-5740-47DC-8934-EDCE659EF91C}"
EndProject
Project("{FAE04EC0-301F-11D3-BF4B-00C04F79EFBC}") = "domain", "domain\domain.csproj", "{0DB5624F-F696-4219-BE76-DCBA2D4ED1E4}"
EndProject
Project("{FAE04EC0-301F-11D3-BF4B-00C04F79EFBC}") = "Application", "Application\Application.csproj", "{DEECF47C-E217-44E8-A805-8B8FF84F258D}"
EndProject
Project("{FAE04EC0-301F-11D3-BF4B-00C04F79EFBC}") = "Infra", "Infra\Infra.csproj", "{22951B30-FB82-4E55-98E7-B15DB481ACCC}"
EndProject
Project("{FAE04EC0-301F-11D3-BF4B-00C04F79EFBC}") = "Tests", "Tests\Tests.csproj", "{75754675-18D5-465D-97A4-A56B74886C10}"
EndProject
Global
	GlobalSection(SolutionConfigurationPlatforms) = preSolution
		Debug|Any CPU = Debug|Any CPU
		Release|Any CPU = Release|Any CPU
	EndGlobalSection
	GlobalSection(ProjectConfigurationPlatforms) = postSolution
		{9374D101-5740-47DC-8934-EDCE659EF91C}.Debug|Any CPU.ActiveCfg = Debug|Any CPU
		{9374D101-5740-47DC-8934-EDCE659EF91C}.Debug|Any CPU.Build.0 = Debug|Any CPU
		{9374D101-5740-47DC-8934-EDCE659EF91C}.Release|Any CPU.ActiveCfg = Release|Any CPU
		{9374D101-5740-47DC-8934-EDCE659EF91C}.Release|Any CPU.Build.0 = Release|Any CPU
		{0DB5624F-F696-4219-BE76-DCBA2D4ED1E4}.Debug|Any CPU.ActiveCfg = Debug|Any CPU
		{0DB5624F-F696-4219-BE76-DCBA2D4ED1E4}.Debug|Any CPU.Build.0 = Debug|Any CPU
		{0DB5624F-F696-4219-BE76-DCBA2D4ED1E4}.Release|Any CPU.ActiveCfg = Release|Any CPU
		{0DB5624F-F696-4219-BE76-DCBA2D4ED1E4}.Release|Any CPU.Build.0 = Release|Any CPU
		{DEECF47C-E217-44E8-A805-8B8FF84F258D}.Debug|Any CPU.ActiveCfg = Debug|Any CPU
		{DEECF47C-E217-44E8-A805-8B8FF84F258D}.Debug|Any CPU.Build.0 = Debug|Any CPU
		{DEECF47C-E217-44E8-A805-8B8FF84F258D}.Release|Any CPU.ActiveCfg = Release|Any CPU
		{DEECF47C-E217-44E8-A805-8B8FF84F258D}.Release|Any CPU.Build.0 = Release|Any CPU
		{22951B30-FB82-4E55-98E7-B15DB481ACCC}.Debug|Any CPU.ActiveCfg = Debug|Any CPU
		{22951B30-FB82-4E55-98E7-B15DB481ACCC}.Debug|Any CPU.Build.0 = Debug|Any CPU
		{22951B30-FB82-4E55-98E7-B15DB481ACCC}.Release|Any CPU.ActiveCfg = Release|Any CPU
		{22951B30-FB82-4E55-98E7-B15DB481ACCC}.Release|Any CPU.Build.0 = Release|Any CPU
		{75754675-18D5-465D-97A4-A56B74886C10}.Debug|Any CPU.ActiveCfg = Debug|Any CPU
		{75754675-18D5-465D-97A4-A56B74886C10}.Debug|Any CPU.Build.0 = Debug|Any CPU
		{75754675-18D5-465D-97A4-A56B74886C10}.Release|Any CPU.ActiveCfg = Release|Any CPU
		{75754675-18D5-465D-97A4-A56B74886C10}.Release|Any CPU.Build.0 = Release|Any CPU
	EndGlobalSection
	GlobalSection(SolutionProperties) = preSolution
		HideSolutionNode = FALSE
	EndGlobalSection
	GlobalSection(ExtensibilityGlobals) = postSolution
		SolutionGuid = {A125FCA4-F455-446D-90C0-87A4F06EF635}
	EndGlobalSection
EndGlobal
